{
  "version": 4,
  "terraform_version": "1.5.6",
  "serial": 8,
  "lineage": "fcd348c4-bdaf-79ff-f3e5-f7287d3bd904",
  "outputs": {
    "ca_cert": {
      "value": "-----BEGIN CERTIFICATE-----\nMIIByjCCAXGgAwIBAgIRAJLz9f1EcDmhu3HxmCPyHtowCgYIKoZIzj0EAwIwRTEQ\nMA4GA1UEChMHU2llbWVuczEPMA0GA1UECxMGTWVuZGl4MSAwHgYDVQQDExdQcml2\nYXRlIE1lbmRpeCBQbGF0Zm9ybTAeFw0yMzEwMjQwNzU0MDhaFw0zMzEwMjEwNzU0\nMDhaMEUxEDAOBgNVBAoTB1NpZW1lbnMxDzANBgNVBAsTBk1lbmRpeDEgMB4GA1UE\nAxMXUHJpdmF0ZSBNZW5kaXggUGxhdGZvcm0wWTATBgcqhkjOPQIBBggqhkjOPQMB\nBwNCAAQdGyWezT3oKYl7yQSwhKbJgWQyKMsle6oTOUw8Uei4a6Y86u9CpiW3Rwv4\n9xBRQxU6R1OX7dABHY55aMEIy+/Do0IwQDAOBgNVHQ8BAf8EBAMCAqQwDwYDVR0T\nAQH/BAUwAwEB/zAdBgNVHQ4EFgQUy19bCpzmIWSzPsJl2B2RhB+17oIwCgYIKoZI\nzj0EAwIDRwAwRAIgadIeqSXpsij1MdF6KAdNKv3auJVwit4KgV0fCXYTwyMCIHTS\nKh73WJRKRh3J1i5vR3Vmz7oQrFFtyVyo8Q2wQAKx\n-----END CERTIFICATE-----\n",
      "type": "string"
    },
    "ca_key": {
      "value": "-----BEGIN EC PRIVATE KEY-----\nMHcCAQEEIKuhV+ZLBGSdIAJY5QlWLvlyAZ4DlMmg/Lx650N9DwY/oAoGCCqGSM49\nAwEHoUQDQgAEHRslns096CmJe8kEsISmyYFkMijLJXuqEzlMPFHouGumPOrvQqYl\nt0cL+PcQUUMVOkdTl+3QAR2OeWjBCMvvww==\n-----END EC PRIVATE KEY-----\n",
      "type": "string",
      "sensitive": true
    },
    "pmp_cert": {
      "value": "-----BEGIN CERTIFICATE-----\nMIICJDCCAcmgAwIBAgIQTsenVvKJfNtTdWP9lYcthDAKBggqhkjOPQQDAjBFMRAw\nDgYDVQQKEwdTaWVtZW5zMQ8wDQYDVQQLEwZNZW5kaXgxIDAeBgNVBAMTF1ByaXZh\ndGUgTWVuZGl4IFBsYXRmb3JtMB4XDTIzMTAyNDA3NTQwOFoXDTMzMTAyMTA3NTQw\nOFowQzEQMA4GA1UEChMHU2llbWVuczEPMA0GA1UECxMGTWVuZGl4MR4wHAYDVQQD\nExVtZW5kaXgubXhwbGF0Zm9ybS5uZXQwWTATBgcqhkjOPQIBBggqhkjOPQMBBwNC\nAARAdQghRueyiwSV3fW+YDTqUj2peR3vpL7apxqTMvtyDasLk3uBSJwYJzzXsU20\nLAWuS4beIRPWdZ9ECSNAvjvbo4GcMIGZMA4GA1UdDwEB/wQEAwIFoDAdBgNVHSUE\nFjAUBggrBgEFBQcDAgYIKwYBBQUHAwEwDAYDVR0TAQH/BAIwADAfBgNVHSMEGDAW\ngBTLX1sKnOYhZLM+wmXYHZGEH7XugjA5BgNVHREEMjAwghVtZW5kaXgubXhwbGF0\nZm9ybS5uZXSCFyoubWVuZGl4Lm14cGxhdGZvcm0ubmV0MAoGCCqGSM49BAMCA0kA\nMEYCIQCmLktQ5KutgVRNFyFaWiuox2jlregpROReUpTtcykURgIhAOsRQVRBuq7w\nsnVi8d/akfQ6lZE1FRgsSvSB+Xx1g/K6\n-----END CERTIFICATE-----\n",
      "type": "string"
    },
    "pmp_key": {
      "value": "-----BEGIN EC PRIVATE KEY-----\nMHcCAQEEIICwq2pYvss11ySPeZxsy0F5/1AHbVs14zv113ky4C7XoAoGCCqGSM49\nAwEHoUQDQgAEQHUIIUbnsosEld31vmA06lI9qXkd76S+2qcakzL7cg2rC5N7gUic\nGCc817FNtCwFrkuG3iET1nWfRAkjQL472w==\n-----END EC PRIVATE KEY-----\n",
      "type": "string",
      "sensitive": true
    }
  },
  "resources": [
    {
      "mode": "managed",
      "type": "local_file",
      "name": "ca_cert",
      "provider": "provider[\"registry.terraform.io/hashicorp/local\"]",
      "instances": [
        {
          "schema_version": 0,
          "attributes": {
            "content": "-----BEGIN CERTIFICATE-----\nMIIByjCCAXGgAwIBAgIRAJLz9f1EcDmhu3HxmCPyHtowCgYIKoZIzj0EAwIwRTEQ\nMA4GA1UEChMHU2llbWVuczEPMA0GA1UECxMGTWVuZGl4MSAwHgYDVQQDExdQcml2\nYXRlIE1lbmRpeCBQbGF0Zm9ybTAeFw0yMzEwMjQwNzU0MDhaFw0zMzEwMjEwNzU0\nMDhaMEUxEDAOBgNVBAoTB1NpZW1lbnMxDzANBgNVBAsTBk1lbmRpeDEgMB4GA1UE\nAxMXUHJpdmF0ZSBNZW5kaXggUGxhdGZvcm0wWTATBgcqhkjOPQIBBggqhkjOPQMB\nBwNCAAQdGyWezT3oKYl7yQSwhKbJgWQyKMsle6oTOUw8Uei4a6Y86u9CpiW3Rwv4\n9xBRQxU6R1OX7dABHY55aMEIy+/Do0IwQDAOBgNVHQ8BAf8EBAMCAqQwDwYDVR0T\nAQH/BAUwAwEB/zAdBgNVHQ4EFgQUy19bCpzmIWSzPsJl2B2RhB+17oIwCgYIKoZI\nzj0EAwIDRwAwRAIgadIeqSXpsij1MdF6KAdNKv3auJVwit4KgV0fCXYTwyMCIHTS\nKh73WJRKRh3J1i5vR3Vmz7oQrFFtyVyo8Q2wQAKx\n-----END CERTIFICATE-----\n",
            "content_base64": null,
            "content_base64sha256": "XbpiCLYZz1/ENjaRIZAkAE4EnVjQ0jI79PunIvG+7Uc=",
            "content_base64sha512": "AEf5ug68BBIrD9J42fN1xx8i1zRDoEZIFATbzF1eNPO2jdV7btXmIoM82WHRM/8GYjMrcXg6b9TeF6n2XTVwyw==",
            "content_md5": "7326323e42d1576dfb2028da44593ef0",
            "content_sha1": "7bcb0335f95f691cd6d6f992f8ebcdcaa1df3f6a",
            "content_sha256": "5dba6208b619cf5fc4363691219024004e049d58d0d2323bf4fba722f1beed47",
            "content_sha512": "0047f9ba0ebc04122b0fd278d9f375c71f22d73443a046481404dbcc5d5e34f3b68dd57b6ed5e622833cd961d133ff0662332b71783a6fd4de17a9f65d3570cb",
            "directory_permission": "0777",
            "file_permission": "0777",
            "filename": "./ca-cert.pem",
            "id": "7bcb0335f95f691cd6d6f992f8ebcdcaa1df3f6a",
            "sensitive_content": null,
            "source": null
          },
          "sensitive_attributes": [],
          "dependencies": [
            "tls_private_key.ca_key",
            "tls_self_signed_cert.ca"
          ]
        }
      ]
    },
    {
      "mode": "managed",
      "type": "local_file",
      "name": "pmp_cert",
      "provider": "provider[\"registry.terraform.io/hashicorp/local\"]",
      "instances": [
        {
          "schema_version": 0,
          "attributes": {
            "content": "-----BEGIN CERTIFICATE-----\nMIICJDCCAcmgAwIBAgIQTsenVvKJfNtTdWP9lYcthDAKBggqhkjOPQQDAjBFMRAw\nDgYDVQQKEwdTaWVtZW5zMQ8wDQYDVQQLEwZNZW5kaXgxIDAeBgNVBAMTF1ByaXZh\ndGUgTWVuZGl4IFBsYXRmb3JtMB4XDTIzMTAyNDA3NTQwOFoXDTMzMTAyMTA3NTQw\nOFowQzEQMA4GA1UEChMHU2llbWVuczEPMA0GA1UECxMGTWVuZGl4MR4wHAYDVQQD\nExVtZW5kaXgubXhwbGF0Zm9ybS5uZXQwWTATBgcqhkjOPQIBBggqhkjOPQMBBwNC\nAARAdQghRueyiwSV3fW+YDTqUj2peR3vpL7apxqTMvtyDasLk3uBSJwYJzzXsU20\nLAWuS4beIRPWdZ9ECSNAvjvbo4GcMIGZMA4GA1UdDwEB/wQEAwIFoDAdBgNVHSUE\nFjAUBggrBgEFBQcDAgYIKwYBBQUHAwEwDAYDVR0TAQH/BAIwADAfBgNVHSMEGDAW\ngBTLX1sKnOYhZLM+wmXYHZGEH7XugjA5BgNVHREEMjAwghVtZW5kaXgubXhwbGF0\nZm9ybS5uZXSCFyoubWVuZGl4Lm14cGxhdGZvcm0ubmV0MAoGCCqGSM49BAMCA0kA\nMEYCIQCmLktQ5KutgVRNFyFaWiuox2jlregpROReUpTtcykURgIhAOsRQVRBuq7w\nsnVi8d/akfQ6lZE1FRgsSvSB+Xx1g/K6\n-----END CERTIFICATE-----\n",
            "content_base64": null,
            "content_base64sha256": "n/WuGvYd61u8B8foVndWCtk+bhDBKSjve08y/FTuPVo=",
            "content_base64sha512": "UCC1iRmYHtXhP+iYefGpLMInJgUwDxXvgHxODMwjFJDPz++szGs78V/VSS3j3Tq9tUqmPEtEKShLHJJ8HSmpSw==",
            "content_md5": "71104583e0bf9192ea05276941303056",
            "content_sha1": "e7595f8d6c52beeee590c9818202c1cbd356b3b2",
            "content_sha256": "9ff5ae1af61deb5bbc07c7e85677560ad93e6e10c12928ef7b4f32fc54ee3d5a",
            "content_sha512": "5020b58919981ed5e13fe89879f1a92cc2272605300f15ef807c4e0ccc231490cfcfefaccc6b3bf15fd5492de3dd3abdb54aa63c4b4429284b1c927c1d29a94b",
            "directory_permission": "0777",
            "file_permission": "0777",
            "filename": "./pmp-cert.pem",
            "id": "e7595f8d6c52beeee590c9818202c1cbd356b3b2",
            "sensitive_content": null,
            "source": null
          },
          "sensitive_attributes": [],
          "dependencies": [
            "tls_cert_request.pmp_cert_request",
            "tls_locally_signed_cert.pmp_cert",
            "tls_private_key.ca_key",
            "tls_private_key.pmp_key",
            "tls_self_signed_cert.ca"
          ]
        }
      ]
    },
    {
      "mode": "managed",
      "type": "local_file",
      "name": "pmp_key",
      "provider": "provider[\"registry.terraform.io/hashicorp/local\"]",
      "instances": [
        {
          "schema_version": 0,
          "attributes": {
            "content": "-----BEGIN EC PRIVATE KEY-----\nMHcCAQEEIICwq2pYvss11ySPeZxsy0F5/1AHbVs14zv113ky4C7XoAoGCCqGSM49\nAwEHoUQDQgAEQHUIIUbnsosEld31vmA06lI9qXkd76S+2qcakzL7cg2rC5N7gUic\nGCc817FNtCwFrkuG3iET1nWfRAkjQL472w==\n-----END EC PRIVATE KEY-----\n",
            "content_base64": null,
            "content_base64sha256": "uhEaEmloiGfw99Nte+DjqXlqPMRLGnFAcUYn0W77R/A=",
            "content_base64sha512": "Ms5lkhjO9ayZKJQbhVoJ4L4NGU5xejuLqj7YR15U3D9CmFvp0KYhTLc2riKNrduBILCTtaoc/8CLgNxOaSrOug==",
            "content_md5": "97aa8cc640fa9d3865b4e24668e257d8",
            "content_sha1": "71b177c372665741f30595e755225be63b87e718",
            "content_sha256": "ba111a1269688867f0f7d36d7be0e3a9796a3cc44b1a7140714627d16efb47f0",
            "content_sha512": "32ce659218cef5ac9928941b855a09e0be0d194e717a3b8baa3ed8475e54dc3f42985be9d0a6214cb736ae228daddb8120b093b5aa1cffc08b80dc4e692aceba",
            "directory_permission": "0777",
            "file_permission": "0777",
            "filename": "./pmp-key.pem",
            "id": "71b177c372665741f30595e755225be63b87e718",
            "sensitive_content": null,
            "source": null
          },
          "sensitive_attributes": [
            [
              {
                "type": "get_attr",
                "value": "content"
              }
            ]
          ],
          "dependencies": [
            "tls_private_key.pmp_key"
          ]
        }
      ]
    },
    {
      "mode": "managed",
      "type": "tls_cert_request",
      "name": "pmp_cert_request",
      "provider": "provider[\"registry.terraform.io/hashicorp/tls\"]",
      "instances": [
        {
          "schema_version": 0,
          "attributes": {
            "cert_request_pem": "-----BEGIN CERTIFICATE REQUEST-----\nMIIBSjCB8QIBADBDMRAwDgYDVQQKEwdTaWVtZW5zMQ8wDQYDVQQLEwZNZW5kaXgx\nHjAcBgNVBAMTFW1lbmRpeC5teHBsYXRmb3JtLm5ldDBZMBMGByqGSM49AgEGCCqG\nSM49AwEHA0IABEB1CCFG57KLBJXd9b5gNOpSPal5He+kvtqnGpMy+3INqwuTe4FI\nnBgnPNexTbQsBa5Lht4hE9Z1n0QJI0C+O9ugTDBKBgkqhkiG9w0BCQ4xPTA7MDkG\nA1UdEQQyMDCCFW1lbmRpeC5teHBsYXRmb3JtLm5ldIIXKi5tZW5kaXgubXhwbGF0\nZm9ybS5uZXQwCgYIKoZIzj0EAwIDSAAwRQIgZsDwOUHT6AG6CAPUpvkh40OabdBO\nNQnqcabe6udjXpoCIQCvYrR0DNbIf5afhpfrFRJYP9bU5g7dE5GrwaXt7UNoBQ==\n-----END CERTIFICATE REQUEST-----\n",
            "dns_names": [
              "mendix.mxplatform.net",
              "*.mendix.mxplatform.net"
            ],
            "id": "428c036acd4a06aa9b81f1251eed695877e2429f",
            "ip_addresses": null,
            "key_algorithm": "ECDSA",
            "private_key_pem": "-----BEGIN EC PRIVATE KEY-----\nMHcCAQEEIICwq2pYvss11ySPeZxsy0F5/1AHbVs14zv113ky4C7XoAoGCCqGSM49\nAwEHoUQDQgAEQHUIIUbnsosEld31vmA06lI9qXkd76S+2qcakzL7cg2rC5N7gUic\nGCc817FNtCwFrkuG3iET1nWfRAkjQL472w==\n-----END EC PRIVATE KEY-----\n",
            "subject": [
              {
                "common_name": "mendix.mxplatform.net",
                "country": null,
                "locality": null,
                "organization": "Siemens",
                "organizational_unit": "Mendix",
                "postal_code": null,
                "province": null,
                "serial_number": null,
                "street_address": null
              }
            ],
            "uris": null
          },
          "sensitive_attributes": [
            [
              {
                "type": "get_attr",
                "value": "private_key_pem"
              }
            ]
          ],
          "dependencies": [
            "tls_private_key.pmp_key"
          ]
        }
      ]
    },
    {
      "mode": "managed",
      "type": "tls_locally_signed_cert",
      "name": "pmp_cert",
      "provider": "provider[\"registry.terraform.io/hashicorp/tls\"]",
      "instances": [
        {
          "schema_version": 0,
          "attributes": {
            "allowed_uses": [
              "key_encipherment",
              "digital_signature",
              "client_auth",
              "server_auth"
            ],
            "ca_cert_pem": "-----BEGIN CERTIFICATE-----\nMIIByjCCAXGgAwIBAgIRAJLz9f1EcDmhu3HxmCPyHtowCgYIKoZIzj0EAwIwRTEQ\nMA4GA1UEChMHU2llbWVuczEPMA0GA1UECxMGTWVuZGl4MSAwHgYDVQQDExdQcml2\nYXRlIE1lbmRpeCBQbGF0Zm9ybTAeFw0yMzEwMjQwNzU0MDhaFw0zMzEwMjEwNzU0\nMDhaMEUxEDAOBgNVBAoTB1NpZW1lbnMxDzANBgNVBAsTBk1lbmRpeDEgMB4GA1UE\nAxMXUHJpdmF0ZSBNZW5kaXggUGxhdGZvcm0wWTATBgcqhkjOPQIBBggqhkjOPQMB\nBwNCAAQdGyWezT3oKYl7yQSwhKbJgWQyKMsle6oTOUw8Uei4a6Y86u9CpiW3Rwv4\n9xBRQxU6R1OX7dABHY55aMEIy+/Do0IwQDAOBgNVHQ8BAf8EBAMCAqQwDwYDVR0T\nAQH/BAUwAwEB/zAdBgNVHQ4EFgQUy19bCpzmIWSzPsJl2B2RhB+17oIwCgYIKoZI\nzj0EAwIDRwAwRAIgadIeqSXpsij1MdF6KAdNKv3auJVwit4KgV0fCXYTwyMCIHTS\nKh73WJRKRh3J1i5vR3Vmz7oQrFFtyVyo8Q2wQAKx\n-----END CERTIFICATE-----\n",
            "ca_key_algorithm": "ECDSA",
            "ca_private_key_pem": "-----BEGIN EC PRIVATE KEY-----\nMHcCAQEEIKuhV+ZLBGSdIAJY5QlWLvlyAZ4DlMmg/Lx650N9DwY/oAoGCCqGSM49\nAwEHoUQDQgAEHRslns096CmJe8kEsISmyYFkMijLJXuqEzlMPFHouGumPOrvQqYl\nt0cL+PcQUUMVOkdTl+3QAR2OeWjBCMvvww==\n-----END EC PRIVATE KEY-----\n",
            "cert_pem": "-----BEGIN CERTIFICATE-----\nMIICJDCCAcmgAwIBAgIQTsenVvKJfNtTdWP9lYcthDAKBggqhkjOPQQDAjBFMRAw\nDgYDVQQKEwdTaWVtZW5zMQ8wDQYDVQQLEwZNZW5kaXgxIDAeBgNVBAMTF1ByaXZh\ndGUgTWVuZGl4IFBsYXRmb3JtMB4XDTIzMTAyNDA3NTQwOFoXDTMzMTAyMTA3NTQw\nOFowQzEQMA4GA1UEChMHU2llbWVuczEPMA0GA1UECxMGTWVuZGl4MR4wHAYDVQQD\nExVtZW5kaXgubXhwbGF0Zm9ybS5uZXQwWTATBgcqhkjOPQIBBggqhkjOPQMBBwNC\nAARAdQghRueyiwSV3fW+YDTqUj2peR3vpL7apxqTMvtyDasLk3uBSJwYJzzXsU20\nLAWuS4beIRPWdZ9ECSNAvjvbo4GcMIGZMA4GA1UdDwEB/wQEAwIFoDAdBgNVHSUE\nFjAUBggrBgEFBQcDAgYIKwYBBQUHAwEwDAYDVR0TAQH/BAIwADAfBgNVHSMEGDAW\ngBTLX1sKnOYhZLM+wmXYHZGEH7XugjA5BgNVHREEMjAwghVtZW5kaXgubXhwbGF0\nZm9ybS5uZXSCFyoubWVuZGl4Lm14cGxhdGZvcm0ubmV0MAoGCCqGSM49BAMCA0kA\nMEYCIQCmLktQ5KutgVRNFyFaWiuox2jlregpROReUpTtcykURgIhAOsRQVRBuq7w\nsnVi8d/akfQ6lZE1FRgsSvSB+Xx1g/K6\n-----END CERTIFICATE-----\n",
            "cert_request_pem": "-----BEGIN CERTIFICATE REQUEST-----\nMIIBSjCB8QIBADBDMRAwDgYDVQQKEwdTaWVtZW5zMQ8wDQYDVQQLEwZNZW5kaXgx\nHjAcBgNVBAMTFW1lbmRpeC5teHBsYXRmb3JtLm5ldDBZMBMGByqGSM49AgEGCCqG\nSM49AwEHA0IABEB1CCFG57KLBJXd9b5gNOpSPal5He+kvtqnGpMy+3INqwuTe4FI\nnBgnPNexTbQsBa5Lht4hE9Z1n0QJI0C+O9ugTDBKBgkqhkiG9w0BCQ4xPTA7MDkG\nA1UdEQQyMDCCFW1lbmRpeC5teHBsYXRmb3JtLm5ldIIXKi5tZW5kaXgubXhwbGF0\nZm9ybS5uZXQwCgYIKoZIzj0EAwIDSAAwRQIgZsDwOUHT6AG6CAPUpvkh40OabdBO\nNQnqcabe6udjXpoCIQCvYrR0DNbIf5afhpfrFRJYP9bU5g7dE5GrwaXt7UNoBQ==\n-----END CERTIFICATE REQUEST-----\n",
            "early_renewal_hours": 0,
            "id": "104716444797159239673615713332065938820",
            "is_ca_certificate": false,
            "ready_for_renewal": false,
            "set_subject_key_id": false,
            "validity_end_time": "2033-10-21T09:54:08.341326+02:00",
            "validity_period_hours": 87600,
            "validity_start_time": "2023-10-24T09:54:08.341326+02:00"
          },
          "sensitive_attributes": [
            [
              {
                "type": "get_attr",
                "value": "ca_private_key_pem"
              }
            ]
          ],
          "dependencies": [
            "tls_cert_request.pmp_cert_request",
            "tls_private_key.ca_key",
            "tls_private_key.pmp_key",
            "tls_self_signed_cert.ca"
          ]
        }
      ]
    },
    {
      "mode": "managed",
      "type": "tls_private_key",
      "name": "ca_key",
      "provider": "provider[\"registry.terraform.io/hashicorp/tls\"]",
      "instances": [
        {
          "schema_version": 1,
          "attributes": {
            "algorithm": "ECDSA",
            "ecdsa_curve": "P256",
            "id": "698ee943012b282acf815794204b514d1e1af9c0",
            "private_key_openssh": "-----BEGIN OPENSSH PRIVATE KEY-----\nb3BlbnNzaC1rZXktdjEAAAAABG5vbmUAAAAEbm9uZQAAAAAAAAABAAAAaAAAABNl\nY2RzYS1zaGEyLW5pc3RwMjU2AAAACG5pc3RwMjU2AAAAQQQdGyWezT3oKYl7yQSw\nhKbJgWQyKMsle6oTOUw8Uei4a6Y86u9CpiW3Rwv49xBRQxU6R1OX7dABHY55aMEI\ny+/DAAAAoIukJLuLpCS7AAAAE2VjZHNhLXNoYTItbmlzdHAyNTYAAAAIbmlzdHAy\nNTYAAABBBB0bJZ7NPegpiXvJBLCEpsmBZDIoyyV7qhM5TDxR6Lhrpjzq70KmJbdH\nC/j3EFFDFTpHU5ft0AEdjnlowQjL78MAAAAhAKuhV+ZLBGSdIAJY5QlWLvlyAZ4D\nlMmg/Lx650N9DwY/AAAAAAECAwQFBgc=\n-----END OPENSSH PRIVATE KEY-----\n",
            "private_key_pem": "-----BEGIN EC PRIVATE KEY-----\nMHcCAQEEIKuhV+ZLBGSdIAJY5QlWLvlyAZ4DlMmg/Lx650N9DwY/oAoGCCqGSM49\nAwEHoUQDQgAEHRslns096CmJe8kEsISmyYFkMijLJXuqEzlMPFHouGumPOrvQqYl\nt0cL+PcQUUMVOkdTl+3QAR2OeWjBCMvvww==\n-----END EC PRIVATE KEY-----\n",
            "private_key_pem_pkcs8": "-----BEGIN PRIVATE KEY-----\nMIGHAgEAMBMGByqGSM49AgEGCCqGSM49AwEHBG0wawIBAQQgq6FX5ksEZJ0gAljl\nCVYu+XIBngOUyaD8vHrnQ30PBj+hRANCAAQdGyWezT3oKYl7yQSwhKbJgWQyKMsl\ne6oTOUw8Uei4a6Y86u9CpiW3Rwv49xBRQxU6R1OX7dABHY55aMEIy+/D\n-----END PRIVATE KEY-----\n",
            "public_key_fingerprint_md5": "7c:89:bd:10:cf:65:7d:09:37:6b:59:32:2c:e6:c8:eb",
            "public_key_fingerprint_sha256": "SHA256:KsQEOO5tMqYfoCECAuVR8VH6ubFykRcSyDxc2QumD4A",
            "public_key_openssh": "ecdsa-sha2-nistp256 AAAAE2VjZHNhLXNoYTItbmlzdHAyNTYAAAAIbmlzdHAyNTYAAABBBB0bJZ7NPegpiXvJBLCEpsmBZDIoyyV7qhM5TDxR6Lhrpjzq70KmJbdHC/j3EFFDFTpHU5ft0AEdjnlowQjL78M=\n",
            "public_key_pem": "-----BEGIN PUBLIC KEY-----\nMFkwEwYHKoZIzj0CAQYIKoZIzj0DAQcDQgAEHRslns096CmJe8kEsISmyYFkMijL\nJXuqEzlMPFHouGumPOrvQqYlt0cL+PcQUUMVOkdTl+3QAR2OeWjBCMvvww==\n-----END PUBLIC KEY-----\n",
            "rsa_bits": 2048
          },
          "sensitive_attributes": []
        }
      ]
    },
    {
      "mode": "managed",
      "type": "tls_private_key",
      "name": "pmp_key",
      "provider": "provider[\"registry.terraform.io/hashicorp/tls\"]",
      "instances": [
        {
          "schema_version": 1,
          "attributes": {
            "algorithm": "ECDSA",
            "ecdsa_curve": "P256",
            "id": "d642f4c526bed71be67f8b2be758020e501b618a",
            "private_key_openssh": "-----BEGIN OPENSSH PRIVATE KEY-----\nb3BlbnNzaC1rZXktdjEAAAAABG5vbmUAAAAEbm9uZQAAAAAAAAABAAAAaAAAABNl\nY2RzYS1zaGEyLW5pc3RwMjU2AAAACG5pc3RwMjU2AAAAQQRAdQghRueyiwSV3fW+\nYDTqUj2peR3vpL7apxqTMvtyDasLk3uBSJwYJzzXsU20LAWuS4beIRPWdZ9ECSNA\nvjvbAAAAoF+C7O9fguzvAAAAE2VjZHNhLXNoYTItbmlzdHAyNTYAAAAIbmlzdHAy\nNTYAAABBBEB1CCFG57KLBJXd9b5gNOpSPal5He+kvtqnGpMy+3INqwuTe4FInBgn\nPNexTbQsBa5Lht4hE9Z1n0QJI0C+O9sAAAAhAICwq2pYvss11ySPeZxsy0F5/1AH\nbVs14zv113ky4C7XAAAAAAECAwQFBgc=\n-----END OPENSSH PRIVATE KEY-----\n",
            "private_key_pem": "-----BEGIN EC PRIVATE KEY-----\nMHcCAQEEIICwq2pYvss11ySPeZxsy0F5/1AHbVs14zv113ky4C7XoAoGCCqGSM49\nAwEHoUQDQgAEQHUIIUbnsosEld31vmA06lI9qXkd76S+2qcakzL7cg2rC5N7gUic\nGCc817FNtCwFrkuG3iET1nWfRAkjQL472w==\n-----END EC PRIVATE KEY-----\n",
            "private_key_pem_pkcs8": "-----BEGIN PRIVATE KEY-----\nMIGHAgEAMBMGByqGSM49AgEGCCqGSM49AwEHBG0wawIBAQQggLCrali+yzXXJI95\nnGzLQXn/UAdtWzXjO/XXeTLgLtehRANCAARAdQghRueyiwSV3fW+YDTqUj2peR3v\npL7apxqTMvtyDasLk3uBSJwYJzzXsU20LAWuS4beIRPWdZ9ECSNAvjvb\n-----END PRIVATE KEY-----\n",
            "public_key_fingerprint_md5": "c4:dc:d9:2f:b9:57:0d:99:5b:2b:c6:5c:14:4b:04:6f",
            "public_key_fingerprint_sha256": "SHA256:jiNzl1N4dC0WBCrWz0zn0CpNDzB3guYUEG3ru7uy3gQ",
            "public_key_openssh": "ecdsa-sha2-nistp256 AAAAE2VjZHNhLXNoYTItbmlzdHAyNTYAAAAIbmlzdHAyNTYAAABBBEB1CCFG57KLBJXd9b5gNOpSPal5He+kvtqnGpMy+3INqwuTe4FInBgnPNexTbQsBa5Lht4hE9Z1n0QJI0C+O9s=\n",
            "public_key_pem": "-----BEGIN PUBLIC KEY-----\nMFkwEwYHKoZIzj0CAQYIKoZIzj0DAQcDQgAEQHUIIUbnsosEld31vmA06lI9qXkd\n76S+2qcakzL7cg2rC5N7gUicGCc817FNtCwFrkuG3iET1nWfRAkjQL472w==\n-----END PUBLIC KEY-----\n",
            "rsa_bits": 2048
          },
          "sensitive_attributes": []
        }
      ]
    },
    {
      "mode": "managed",
      "type": "tls_self_signed_cert",
      "name": "ca",
      "provider": "provider[\"registry.terraform.io/hashicorp/tls\"]",
      "instances": [
        {
          "schema_version": 0,
          "attributes": {
            "allowed_uses": [
              "key_encipherment",
              "digital_signature",
              "cert_signing"
            ],
            "cert_pem": "-----BEGIN CERTIFICATE-----\nMIIByjCCAXGgAwIBAgIRAJLz9f1EcDmhu3HxmCPyHtowCgYIKoZIzj0EAwIwRTEQ\nMA4GA1UEChMHU2llbWVuczEPMA0GA1UECxMGTWVuZGl4MSAwHgYDVQQDExdQcml2\nYXRlIE1lbmRpeCBQbGF0Zm9ybTAeFw0yMzEwMjQwNzU0MDhaFw0zMzEwMjEwNzU0\nMDhaMEUxEDAOBgNVBAoTB1NpZW1lbnMxDzANBgNVBAsTBk1lbmRpeDEgMB4GA1UE\nAxMXUHJpdmF0ZSBNZW5kaXggUGxhdGZvcm0wWTATBgcqhkjOPQIBBggqhkjOPQMB\nBwNCAAQdGyWezT3oKYl7yQSwhKbJgWQyKMsle6oTOUw8Uei4a6Y86u9CpiW3Rwv4\n9xBRQxU6R1OX7dABHY55aMEIy+/Do0IwQDAOBgNVHQ8BAf8EBAMCAqQwDwYDVR0T\nAQH/BAUwAwEB/zAdBgNVHQ4EFgQUy19bCpzmIWSzPsJl2B2RhB+17oIwCgYIKoZI\nzj0EAwIDRwAwRAIgadIeqSXpsij1MdF6KAdNKv3auJVwit4KgV0fCXYTwyMCIHTS\nKh73WJRKRh3J1i5vR3Vmz7oQrFFtyVyo8Q2wQAKx\n-----END CERTIFICATE-----\n",
            "dns_names": null,
            "early_renewal_hours": 0,
            "id": "195334004777480343843790484623183716058",
            "ip_addresses": null,
            "is_ca_certificate": true,
            "key_algorithm": "ECDSA",
            "private_key_pem": "-----BEGIN EC PRIVATE KEY-----\nMHcCAQEEIKuhV+ZLBGSdIAJY5QlWLvlyAZ4DlMmg/Lx650N9DwY/oAoGCCqGSM49\nAwEHoUQDQgAEHRslns096CmJe8kEsISmyYFkMijLJXuqEzlMPFHouGumPOrvQqYl\nt0cL+PcQUUMVOkdTl+3QAR2OeWjBCMvvww==\n-----END EC PRIVATE KEY-----\n",
            "ready_for_renewal": false,
            "set_authority_key_id": false,
            "set_subject_key_id": false,
            "subject": [
              {
                "common_name": "Private Mendix Platform",
                "country": null,
                "locality": null,
                "organization": "Siemens",
                "organizational_unit": "Mendix",
                "postal_code": null,
                "province": null,
                "serial_number": null,
                "street_address": null
              }
            ],
            "uris": null,
            "validity_end_time": "2033-10-21T09:54:08.325113+02:00",
            "validity_period_hours": 87600,
            "validity_start_time": "2023-10-24T09:54:08.325113+02:00"
          },
          "sensitive_attributes": [
            [
              {
                "type": "get_attr",
                "value": "private_key_pem"
              }
            ]
          ],
          "dependencies": [
            "tls_private_key.ca_key"
          ]
        }
      ]
    }
  ],
  "check_results": null
}
